
Microsoft Visual Studio Solution File, Format Version 12.00
# Visual Studio Version 16
VisualStudioVersion = 16.0.29411.108
MinimumVisualStudioVersion = 10.0.40219.1
Project("{8BC9CEB8-8B4A-11D0-8D11-00A0C91BC942}") = "TempestIntergrals", "TempestIntergrals\TempestIntergrals.vcxproj", "{862BB165-3742-4EB1-8E82-2FD24D14C428}"
EndProject
Global
	GlobalSection(SolutionConfigurationPlatforms) = preSolution
		Debug|x64 = Debug|x64
		Debug|x86 = Debug|x86
		Release|x64 = Release|x64
		Release|x86 = Release|x86
	EndGlobalSection
	GlobalSection(ProjectConfigurationPlatforms) = postSolution
		{862BB165-3742-4EB1-8E82-2FD24D14C428}.Debug|x64.ActiveCfg = Debug|x64
		{862BB165-3742-4EB1-8E82-2FD24D14C428}.Debug|x64.Build.0 = Debug|x64
		{862BB165-3742-4EB1-8E82-2FD24D14C428}.Debug|x86.ActiveCfg = Debug|Win32
		{862BB165-3742-4EB1-8E82-2FD24D14C428}.Debug|x86.Build.0 = Debug|Win32
		{862BB165-3742-4EB1-8E82-2FD24D14C428}.Release|x64.ActiveCfg = Release|x64
		{862BB165-3742-4EB1-8E82-2FD24D14C428}.Release|x64.Build.0 = Release|x64
		{862BB165-3742-4EB1-8E82-2FD24D14C428}.Release|x86.ActiveCfg = Release|Win32
		{862BB165-3742-4EB1-8E82-2FD24D14C428}.Release|x86.Build.0 = Release|Win32
	EndGlobalSection
	GlobalSection(SolutionProperties) = preSolution
		HideSolutionNode = FALSE
	EndGlobalSection
	GlobalSection(ExtensibilityGlobals) = postSolution
		SolutionGuid = {C9C96C95-0484-4332-8D7D-C899936356D9}
	EndGlobalSection
EndGlobal
